
Microsoft Visual Studio Solution File, Format Version 12.00
# Visual Studio 15
VisualStudioVersion = 15.0.27130.2027
MinimumVisualStudioVersion = 10.0.40219.1
Project("{FAE04EC0-301F-11D3-BF4B-00C04F79EFBC}") = "Lab CSharp Intro and Basic Syntax", "Lab CSharp Intro and Basic Syntax\Lab CSharp Intro and Basic Syntax.csproj", "{D01A53DA-D0CF-4AEE-A123-8BFD4734C448}"
EndProject
Project("{FAE04EC0-301F-11D3-BF4B-00C04F79EFBC}") = "Problem 2. Add Two Numbers", "Problem 2. Add Two Numbers\Problem 2. Add Two Numbers.csproj", "{C61E24F8-C6DB-48E6-A2AB-89341965BB4B}"
EndProject
Project("{FAE04EC0-301F-11D3-BF4B-00C04F79EFBC}") = "Problem 3. Employee Data", "Problem 3. Employee Data\Problem 3. Employee Data.csproj", "{4724709B-2ED6-4004-B3CB-DFBA42AAD57B}"
EndProject
Global
	GlobalSection(SolutionConfigurationPlatforms) = preSolution
		Debug|Any CPU = Debug|Any CPU
		Release|Any CPU = Release|Any CPU
	EndGlobalSection
	GlobalSection(ProjectConfigurationPlatforms) = postSolution
		{D01A53DA-D0CF-4AEE-A123-8BFD4734C448}.Debug|Any CPU.ActiveCfg = Debug|Any CPU
		{D01A53DA-D0CF-4AEE-A123-8BFD4734C448}.Debug|Any CPU.Build.0 = Debug|Any CPU
		{D01A53DA-D0CF-4AEE-A123-8BFD4734C448}.Release|Any CPU.ActiveCfg = Release|Any CPU
		{D01A53DA-D0CF-4AEE-A123-8BFD4734C448}.Release|Any CPU.Build.0 = Release|Any CPU
		{C61E24F8-C6DB-48E6-A2AB-89341965BB4B}.Debug|Any CPU.ActiveCfg = Debug|Any CPU
		{C61E24F8-C6DB-48E6-A2AB-89341965BB4B}.Debug|Any CPU.Build.0 = Debug|Any CPU
		{C61E24F8-C6DB-48E6-A2AB-89341965BB4B}.Release|Any CPU.ActiveCfg = Release|Any CPU
		{C61E24F8-C6DB-48E6-A2AB-89341965BB4B}.Release|Any CPU.Build.0 = Release|Any CPU
		{4724709B-2ED6-4004-B3CB-DFBA42AAD57B}.Debug|Any CPU.ActiveCfg = Debug|Any CPU
		{4724709B-2ED6-4004-B3CB-DFBA42AAD57B}.Debug|Any CPU.Build.0 = Debug|Any CPU
		{4724709B-2ED6-4004-B3CB-DFBA42AAD57B}.Release|Any CPU.ActiveCfg = Release|Any CPU
		{4724709B-2ED6-4004-B3CB-DFBA42AAD57B}.Release|Any CPU.Build.0 = Release|Any CPU
	EndGlobalSection
	GlobalSection(SolutionProperties) = preSolution
		HideSolutionNode = FALSE
	EndGlobalSection
	GlobalSection(ExtensibilityGlobals) = postSolution
		SolutionGuid = {56F653B4-C4BC-418F-BC63-864A8FF5E645}
	EndGlobalSection
EndGlobal
