
Microsoft Visual Studio Solution File, Format Version 12.00
# Visual Studio 15
VisualStudioVersion = 15.0.27703.2035
MinimumVisualStudioVersion = 10.0.40219.1
Project("{FAE04EC0-301F-11D3-BF4B-00C04F79EFBC}") = "1. Anonymous Threat", "1. Anonymous Threat\1. Anonymous Threat.csproj", "{28E8A3F8-6069-4997-A375-894A9508D1C4}"
EndProject
Project("{FAE04EC0-301F-11D3-BF4B-00C04F79EFBC}") = "demo", "demo\demo.csproj", "{72C7CEC7-4CD0-4E6B-AE34-D6EB1AD749A4}"
EndProject
Project("{FAE04EC0-301F-11D3-BF4B-00C04F79EFBC}") = "2. Icarus", "2. Icarus\2. Icarus.csproj", "{978B174E-C366-4138-B44E-21AF812F8983}"
EndProject
Project("{FAE04EC0-301F-11D3-BF4B-00C04F79EFBC}") = "3. Pokemon Don’t Go", "3. Pokemon Don’t Go\3. Pokemon Don’t Go.csproj", "{44B94A9A-BA14-4C75-8006-4C891C9A475F}"
EndProject
Global
	GlobalSection(SolutionConfigurationPlatforms) = preSolution
		Debug|Any CPU = Debug|Any CPU
		Release|Any CPU = Release|Any CPU
	EndGlobalSection
	GlobalSection(ProjectConfigurationPlatforms) = postSolution
		{28E8A3F8-6069-4997-A375-894A9508D1C4}.Debug|Any CPU.ActiveCfg = Debug|Any CPU
		{28E8A3F8-6069-4997-A375-894A9508D1C4}.Debug|Any CPU.Build.0 = Debug|Any CPU
		{28E8A3F8-6069-4997-A375-894A9508D1C4}.Release|Any CPU.ActiveCfg = Release|Any CPU
		{28E8A3F8-6069-4997-A375-894A9508D1C4}.Release|Any CPU.Build.0 = Release|Any CPU
		{72C7CEC7-4CD0-4E6B-AE34-D6EB1AD749A4}.Debug|Any CPU.ActiveCfg = Debug|Any CPU
		{72C7CEC7-4CD0-4E6B-AE34-D6EB1AD749A4}.Debug|Any CPU.Build.0 = Debug|Any CPU
		{72C7CEC7-4CD0-4E6B-AE34-D6EB1AD749A4}.Release|Any CPU.ActiveCfg = Release|Any CPU
		{72C7CEC7-4CD0-4E6B-AE34-D6EB1AD749A4}.Release|Any CPU.Build.0 = Release|Any CPU
		{978B174E-C366-4138-B44E-21AF812F8983}.Debug|Any CPU.ActiveCfg = Debug|Any CPU
		{978B174E-C366-4138-B44E-21AF812F8983}.Debug|Any CPU.Build.0 = Debug|Any CPU
		{978B174E-C366-4138-B44E-21AF812F8983}.Release|Any CPU.ActiveCfg = Release|Any CPU
		{978B174E-C366-4138-B44E-21AF812F8983}.Release|Any CPU.Build.0 = Release|Any CPU
		{44B94A9A-BA14-4C75-8006-4C891C9A475F}.Debug|Any CPU.ActiveCfg = Debug|Any CPU
		{44B94A9A-BA14-4C75-8006-4C891C9A475F}.Debug|Any CPU.Build.0 = Debug|Any CPU
		{44B94A9A-BA14-4C75-8006-4C891C9A475F}.Release|Any CPU.ActiveCfg = Release|Any CPU
		{44B94A9A-BA14-4C75-8006-4C891C9A475F}.Release|Any CPU.Build.0 = Release|Any CPU
	EndGlobalSection
	GlobalSection(SolutionProperties) = preSolution
		HideSolutionNode = FALSE
	EndGlobalSection
	GlobalSection(ExtensibilityGlobals) = postSolution
		SolutionGuid = {3D054396-2250-411C-BE40-1C40ABD073C8}
	EndGlobalSection
EndGlobal
