
Microsoft Visual Studio Solution File, Format Version 12.00
# Visual Studio 15
VisualStudioVersion = 15.0.27703.2035
MinimumVisualStudioVersion = 10.0.40219.1
Project("{9A19103F-16F7-4668-BE54-9A1E7A4F7556}") = "Problem 1 – Snowballs", "Problem 1 – Snowballs\Problem 1 – Snowballs.csproj", "{B586FA66-480C-4A63-9F99-AD00252124B5}"
EndProject
Project("{9A19103F-16F7-4668-BE54-9A1E7A4F7556}") = "Problem 2 – Snowmen", "Problem 2 – Snowmen\Problem 2 – Snowmen.csproj", "{E6095031-68F6-4477-AB1C-7DCD31CE6CC9}"
EndProject
Project("{FAE04EC0-301F-11D3-BF4B-00C04F79EFBC}") = "Problem 3 – Snowflake", "Problem 3 – Snowflake\Problem 3 – Snowflake.csproj", "{5D5B2F43-06A0-4EB7-B39A-553C2230F174}"
EndProject
Global
	GlobalSection(SolutionConfigurationPlatforms) = preSolution
		Debug|Any CPU = Debug|Any CPU
		Release|Any CPU = Release|Any CPU
	EndGlobalSection
	GlobalSection(ProjectConfigurationPlatforms) = postSolution
		{B586FA66-480C-4A63-9F99-AD00252124B5}.Debug|Any CPU.ActiveCfg = Debug|Any CPU
		{B586FA66-480C-4A63-9F99-AD00252124B5}.Debug|Any CPU.Build.0 = Debug|Any CPU
		{B586FA66-480C-4A63-9F99-AD00252124B5}.Release|Any CPU.ActiveCfg = Release|Any CPU
		{B586FA66-480C-4A63-9F99-AD00252124B5}.Release|Any CPU.Build.0 = Release|Any CPU
		{E6095031-68F6-4477-AB1C-7DCD31CE6CC9}.Debug|Any CPU.ActiveCfg = Debug|Any CPU
		{E6095031-68F6-4477-AB1C-7DCD31CE6CC9}.Debug|Any CPU.Build.0 = Debug|Any CPU
		{E6095031-68F6-4477-AB1C-7DCD31CE6CC9}.Release|Any CPU.ActiveCfg = Release|Any CPU
		{E6095031-68F6-4477-AB1C-7DCD31CE6CC9}.Release|Any CPU.Build.0 = Release|Any CPU
		{5D5B2F43-06A0-4EB7-B39A-553C2230F174}.Debug|Any CPU.ActiveCfg = Debug|Any CPU
		{5D5B2F43-06A0-4EB7-B39A-553C2230F174}.Debug|Any CPU.Build.0 = Debug|Any CPU
		{5D5B2F43-06A0-4EB7-B39A-553C2230F174}.Release|Any CPU.ActiveCfg = Release|Any CPU
		{5D5B2F43-06A0-4EB7-B39A-553C2230F174}.Release|Any CPU.Build.0 = Release|Any CPU
	EndGlobalSection
	GlobalSection(SolutionProperties) = preSolution
		HideSolutionNode = FALSE
	EndGlobalSection
	GlobalSection(ExtensibilityGlobals) = postSolution
		SolutionGuid = {CE2D95A1-98F9-468E-9A69-92E271CD0CFB}
	EndGlobalSection
EndGlobal
